// !$*UTF8*$!
{
	archiveVersion = 1;
	classes = {
	};
	objectVersion = 46;
	objects = {

/* Begin PBXBuildFile section */
		111958461CDCDA7E00E83F52 /* Color.swift in Sources */ = {isa = PBXBuildFile; fileRef = 111958451CDCDA7E00E83F52 /* Color.swift */; };
		111958481CDD3C4D00E83F52 /* stop.png in Resources */ = {isa = PBXBuildFile; fileRef = 111958471CDD3C4C00E83F52 /* stop.png */; };
		112969721CD10003004C1835 /* AppDelegate.swift in Sources */ = {isa = PBXBuildFile; fileRef = 112969711CD10003004C1835 /* AppDelegate.swift */; };
		112969741CD10003004C1835 /* ViewController.swift in Sources */ = {isa = PBXBuildFile; fileRef = 112969731CD10003004C1835 /* ViewController.swift */; };
		112969771CD10003004C1835 /* Main.storyboard in Resources */ = {isa = PBXBuildFile; fileRef = 112969751CD10003004C1835 /* Main.storyboard */; };
		112969791CD10003004C1835 /* Assets.xcassets in Resources */ = {isa = PBXBuildFile; fileRef = 112969781CD10003004C1835 /* Assets.xcassets */; };
		1129697C1CD10003004C1835 /* LaunchScreen.storyboard in Resources */ = {isa = PBXBuildFile; fileRef = 1129697A1CD10003004C1835 /* LaunchScreen.storyboard */; };
		112969871CD10004004C1835 /* RunEUITests.swift in Sources */ = {isa = PBXBuildFile; fileRef = 112969861CD10004004C1835 /* RunEUITests.swift */; };
		112969921CD10045004C1835 /* LocationService.swift in Sources */ = {isa = PBXBuildFile; fileRef = 112969911CD10045004C1835 /* LocationService.swift */; };
		112969941CD10052004C1835 /* LoginService.swift in Sources */ = {isa = PBXBuildFile; fileRef = 112969931CD10052004C1835 /* LoginService.swift */; };
		112969971CD10080004C1835 /* WearableService.swift in Sources */ = {isa = PBXBuildFile; fileRef = 112969961CD10080004C1835 /* WearableService.swift */; };
		112969991CD1008E004C1835 /* MotionService.swift in Sources */ = {isa = PBXBuildFile; fileRef = 112969981CD1008E004C1835 /* MotionService.swift */; };
		1129699C1CD100AD004C1835 /* LoginView.swift in Sources */ = {isa = PBXBuildFile; fileRef = 1129699B1CD100AD004C1835 /* LoginView.swift */; };
		1129699E1CD100B7004C1835 /* MapView.swift in Sources */ = {isa = PBXBuildFile; fileRef = 1129699D1CD100B7004C1835 /* MapView.swift */; };
		112969A01CD100C0004C1835 /* MainView.swift in Sources */ = {isa = PBXBuildFile; fileRef = 1129699F1CD100C0004C1835 /* MainView.swift */; };
		112969A21CD100D2004C1835 /* FriendsView.swift in Sources */ = {isa = PBXBuildFile; fileRef = 112969A11CD100D2004C1835 /* FriendsView.swift */; };
		112969A41CD100F3004C1835 /* GraphicView.swift in Sources */ = {isa = PBXBuildFile; fileRef = 112969A31CD100F3004C1835 /* GraphicView.swift */; };
		112969A61CD1010C004C1835 /* ServerService.swift in Sources */ = {isa = PBXBuildFile; fileRef = 112969A51CD1010C004C1835 /* ServerService.swift */; };
		112DCF7A1CD788F800B4B28A /* JLTGradientPathRenderer.swift in Sources */ = {isa = PBXBuildFile; fileRef = 112DCF791CD788F800B4B28A /* JLTGradientPathRenderer.swift */; };
		113E71751CEB4CBD00ED5C4D /* bg750x1334(@2x).png in Resources */ = {isa = PBXBuildFile; fileRef = 113E71731CEB4CBD00ED5C4D /* bg750x1334(@2x).png */; };
		113E71761CEB4CBD00ED5C4D /* bg1242x2208(@3x).png in Resources */ = {isa = PBXBuildFile; fileRef = 113E71741CEB4CBD00ED5C4D /* bg1242x2208(@3x).png */; };
		113E717A1CEB5A9E00ED5C4D /* running.png in Resources */ = {isa = PBXBuildFile; fileRef = 113E71771CEB5A9E00ED5C4D /* running.png */; };
		113E717B1CEB5A9E00ED5C4D /* stationary.png in Resources */ = {isa = PBXBuildFile; fileRef = 113E71781CEB5A9E00ED5C4D /* stationary.png */; };
		113E717C1CEB5A9E00ED5C4D /* walking.png in Resources */ = {isa = PBXBuildFile; fileRef = 113E71791CEB5A9E00ED5C4D /* walking.png */; };
		11A6BA4E1CDB841F007CDBFA /* facebook_login.png in Resources */ = {isa = PBXBuildFile; fileRef = 11A6BA4D1CDB841F007CDBFA /* facebook_login.png */; };
		11D69B6B1CD8E90700849B24 /* Keys.plist in Resources */ = {isa = PBXBuildFile; fileRef = 11D69B6A1CD8E90700849B24 /* Keys.plist */; };
		11D69B6F1CD8E9CD00849B24 /* Keys.swift in Sources */ = {isa = PBXBuildFile; fileRef = 11D69B6E1CD8E9CD00849B24 /* Keys.swift */; };
		11D69B711CD8ED4200849B24 /* FirebaseService.swift in Sources */ = {isa = PBXBuildFile; fileRef = 11D69B701CD8ED4200849B24 /* FirebaseService.swift */; };
		11D69B731CD8F4F300849B24 /* FBSDKCoreKit.framework in Frameworks */ = {isa = PBXBuildFile; fileRef = 11D69B721CD8F4F300849B24 /* FBSDKCoreKit.framework */; };
		11D69B761CD8F7F200849B24 /* FBSDKLoginKit.framework in Frameworks */ = {isa = PBXBuildFile; fileRef = 11D69B751CD8F7F200849B24 /* FBSDKLoginKit.framework */; };
		87B1934EAAF2A7C54B7BE8AE /* libPods-RunEUITests.a in Frameworks */ = {isa = PBXBuildFile; fileRef = A6D30A4AAEAF69788F08980F /* libPods-RunEUITests.a */; };
		CDAC87A85B97EE725F1CC22B /* Pods_RunE.framework in Frameworks */ = {isa = PBXBuildFile; fileRef = B59E1A1A3E69FB6499F05782 /* Pods_RunE.framework */; };
/* End PBXBuildFile section */

/* Begin PBXContainerItemProxy section */
		112969831CD10004004C1835 /* PBXContainerItemProxy */ = {
			isa = PBXContainerItemProxy;
			containerPortal = 112969661CD10003004C1835 /* Project object */;
			proxyType = 1;
			remoteGlobalIDString = 1129696D1CD10003004C1835;
			remoteInfo = RunE;
		};
/* End PBXContainerItemProxy section */

/* Begin PBXFileReference section */
		111958451CDCDA7E00E83F52 /* Color.swift */ = {isa = PBXFileReference; fileEncoding = 4; lastKnownFileType = sourcecode.swift; path = Color.swift; sourceTree = "<group>"; };
		111958471CDD3C4C00E83F52 /* stop.png */ = {isa = PBXFileReference; lastKnownFileType = image.png; name = stop.png; path = resource/stop.png; sourceTree = "<group>"; };
		1129696E1CD10003004C1835 /* RunE.app */ = {isa = PBXFileReference; explicitFileType = wrapper.application; includeInIndex = 0; path = RunE.app; sourceTree = BUILT_PRODUCTS_DIR; };
		112969711CD10003004C1835 /* AppDelegate.swift */ = {isa = PBXFileReference; lastKnownFileType = sourcecode.swift; path = AppDelegate.swift; sourceTree = "<group>"; };
		112969731CD10003004C1835 /* ViewController.swift */ = {isa = PBXFileReference; lastKnownFileType = sourcecode.swift; path = ViewController.swift; sourceTree = "<group>"; };
		112969761CD10003004C1835 /* Base */ = {isa = PBXFileReference; lastKnownFileType = file.storyboard; name = Base; path = Base.lproj/Main.storyboard; sourceTree = "<group>"; };
		112969781CD10003004C1835 /* Assets.xcassets */ = {isa = PBXFileReference; lastKnownFileType = folder.assetcatalog; path = Assets.xcassets; sourceTree = "<group>"; };
		1129697B1CD10003004C1835 /* Base */ = {isa = PBXFileReference; lastKnownFileType = file.storyboard; name = Base; path = Base.lproj/LaunchScreen.storyboard; sourceTree = "<group>"; };
		1129697D1CD10003004C1835 /* Info.plist */ = {isa = PBXFileReference; lastKnownFileType = text.plist.xml; path = Info.plist; sourceTree = "<group>"; };
		112969821CD10004004C1835 /* RunEUITests.xctest */ = {isa = PBXFileReference; explicitFileType = wrapper.cfbundle; includeInIndex = 0; path = RunEUITests.xctest; sourceTree = BUILT_PRODUCTS_DIR; };
		112969861CD10004004C1835 /* RunEUITests.swift */ = {isa = PBXFileReference; lastKnownFileType = sourcecode.swift; path = RunEUITests.swift; sourceTree = "<group>"; };
		112969881CD10004004C1835 /* Info.plist */ = {isa = PBXFileReference; lastKnownFileType = text.plist.xml; path = Info.plist; sourceTree = "<group>"; };
		112969911CD10045004C1835 /* LocationService.swift */ = {isa = PBXFileReference; fileEncoding = 4; lastKnownFileType = sourcecode.swift; path = LocationService.swift; sourceTree = "<group>"; };
		112969931CD10052004C1835 /* LoginService.swift */ = {isa = PBXFileReference; fileEncoding = 4; lastKnownFileType = sourcecode.swift; path = LoginService.swift; sourceTree = "<group>"; };
		112969961CD10080004C1835 /* WearableService.swift */ = {isa = PBXFileReference; fileEncoding = 4; lastKnownFileType = sourcecode.swift; path = WearableService.swift; sourceTree = "<group>"; };
		112969981CD1008E004C1835 /* MotionService.swift */ = {isa = PBXFileReference; fileEncoding = 4; lastKnownFileType = sourcecode.swift; path = MotionService.swift; sourceTree = "<group>"; };
		1129699B1CD100AD004C1835 /* LoginView.swift */ = {isa = PBXFileReference; fileEncoding = 4; lastKnownFileType = sourcecode.swift; path = LoginView.swift; sourceTree = "<group>"; };
		1129699D1CD100B7004C1835 /* MapView.swift */ = {isa = PBXFileReference; fileEncoding = 4; lastKnownFileType = sourcecode.swift; path = MapView.swift; sourceTree = "<group>"; };
		1129699F1CD100C0004C1835 /* MainView.swift */ = {isa = PBXFileReference; fileEncoding = 4; lastKnownFileType = sourcecode.swift; path = MainView.swift; sourceTree = "<group>"; };
		112969A11CD100D2004C1835 /* FriendsView.swift */ = {isa = PBXFileReference; fileEncoding = 4; lastKnownFileType = sourcecode.swift; path = FriendsView.swift; sourceTree = "<group>"; };
		112969A31CD100F3004C1835 /* GraphicView.swift */ = {isa = PBXFileReference; fileEncoding = 4; lastKnownFileType = sourcecode.swift; path = GraphicView.swift; sourceTree = "<group>"; };
		112969A51CD1010C004C1835 /* ServerService.swift */ = {isa = PBXFileReference; fileEncoding = 4; lastKnownFileType = sourcecode.swift; path = ServerService.swift; sourceTree = "<group>"; };
		112DCF791CD788F800B4B28A /* JLTGradientPathRenderer.swift */ = {isa = PBXFileReference; fileEncoding = 4; lastKnownFileType = sourcecode.swift; path = JLTGradientPathRenderer.swift; sourceTree = "<group>"; };
		113E71731CEB4CBD00ED5C4D /* bg750x1334(@2x).png */ = {isa = PBXFileReference; lastKnownFileType = image.png; name = "bg750x1334(@2x).png"; path = "resource/background_images/bg750x1334(@2x).png"; sourceTree = "<group>"; };
		113E71741CEB4CBD00ED5C4D /* bg1242x2208(@3x).png */ = {isa = PBXFileReference; lastKnownFileType = image.png; name = "bg1242x2208(@3x).png"; path = "resource/background_images/bg1242x2208(@3x).png"; sourceTree = "<group>"; };
		113E71771CEB5A9E00ED5C4D /* running.png */ = {isa = PBXFileReference; lastKnownFileType = image.png; name = running.png; path = resource/activity_state/running.png; sourceTree = "<group>"; };
		113E71781CEB5A9E00ED5C4D /* stationary.png */ = {isa = PBXFileReference; lastKnownFileType = image.png; name = stationary.png; path = resource/activity_state/stationary.png; sourceTree = "<group>"; };
		113E71791CEB5A9E00ED5C4D /* walking.png */ = {isa = PBXFileReference; lastKnownFileType = image.png; name = walking.png; path = resource/activity_state/walking.png; sourceTree = "<group>"; };
		11A6BA4D1CDB841F007CDBFA /* facebook_login.png */ = {isa = PBXFileReference; lastKnownFileType = image.png; name = facebook_login.png; path = resource/facebook_login.png; sourceTree = "<group>"; };
		11D69B6A1CD8E90700849B24 /* Keys.plist */ = {isa = PBXFileReference; fileEncoding = 4; lastKnownFileType = text.plist.xml; path = Keys.plist; sourceTree = "<group>"; };
		11D69B6E1CD8E9CD00849B24 /* Keys.swift */ = {isa = PBXFileReference; fileEncoding = 4; lastKnownFileType = sourcecode.swift; path = Keys.swift; sourceTree = "<group>"; };
		11D69B701CD8ED4200849B24 /* FirebaseService.swift */ = {isa = PBXFileReference; fileEncoding = 4; lastKnownFileType = sourcecode.swift; path = FirebaseService.swift; sourceTree = "<group>"; };
		11D69B721CD8F4F300849B24 /* FBSDKCoreKit.framework */ = {isa = PBXFileReference; lastKnownFileType = wrapper.framework; path = FBSDKCoreKit.framework; sourceTree = "<group>"; };
		11D69B751CD8F7F200849B24 /* FBSDKLoginKit.framework */ = {isa = PBXFileReference; lastKnownFileType = wrapper.framework; path = FBSDKLoginKit.framework; sourceTree = "<group>"; };
		7D3576F5F4569A892B5862C7 /* Pods-RunE.debug.xcconfig */ = {isa = PBXFileReference; includeInIndex = 1; lastKnownFileType = text.xcconfig; name = "Pods-RunE.debug.xcconfig"; path = "Pods/Target Support Files/Pods-RunE/Pods-RunE.debug.xcconfig"; sourceTree = "<group>"; };
		A6D30A4AAEAF69788F08980F /* libPods-RunEUITests.a */ = {isa = PBXFileReference; explicitFileType = archive.ar; includeInIndex = 0; path = "libPods-RunEUITests.a"; sourceTree = BUILT_PRODUCTS_DIR; };
		B59E1A1A3E69FB6499F05782 /* Pods_RunE.framework */ = {isa = PBXFileReference; explicitFileType = wrapper.framework; includeInIndex = 0; path = Pods_RunE.framework; sourceTree = BUILT_PRODUCTS_DIR; };
		B762C1647B708457772396CD /* Pods-RunE.release.xcconfig */ = {isa = PBXFileReference; includeInIndex = 1; lastKnownFileType = text.xcconfig; name = "Pods-RunE.release.xcconfig"; path = "Pods/Target Support Files/Pods-RunE/Pods-RunE.release.xcconfig"; sourceTree = "<group>"; };
		DF83BAE2B1777B01B80ABCC1 /* Pods-RunEUITests.release.xcconfig */ = {isa = PBXFileReference; includeInIndex = 1; lastKnownFileType = text.xcconfig; name = "Pods-RunEUITests.release.xcconfig"; path = "Pods/Target Support Files/Pods-RunEUITests/Pods-RunEUITests.release.xcconfig"; sourceTree = "<group>"; };
		E8F4375FB8F94F5F5D4BBBD2 /* Pods-RunEUITests.debug.xcconfig */ = {isa = PBXFileReference; includeInIndex = 1; lastKnownFileType = text.xcconfig; name = "Pods-RunEUITests.debug.xcconfig"; path = "Pods/Target Support Files/Pods-RunEUITests/Pods-RunEUITests.debug.xcconfig"; sourceTree = "<group>"; };
/* End PBXFileReference section */

/* Begin PBXFrameworksBuildPhase section */
		1129696B1CD10003004C1835 /* Frameworks */ = {
			isa = PBXFrameworksBuildPhase;
			buildActionMask = 2147483647;
			files = (
				CDAC87A85B97EE725F1CC22B /* Pods_RunE.framework in Frameworks */,
				11D69B731CD8F4F300849B24 /* FBSDKCoreKit.framework in Frameworks */,
				11D69B761CD8F7F200849B24 /* FBSDKLoginKit.framework in Frameworks */,
			);
			runOnlyForDeploymentPostprocessing = 0;
		};
		1129697F1CD10004004C1835 /* Frameworks */ = {
			isa = PBXFrameworksBuildPhase;
			buildActionMask = 2147483647;
			files = (
				87B1934EAAF2A7C54B7BE8AE /* libPods-RunEUITests.a in Frameworks */,
			);
			runOnlyForDeploymentPostprocessing = 0;
		};
/* End PBXFrameworksBuildPhase section */

/* Begin PBXGroup section */
		111958441CDCDA6D00E83F52 /* tools */ = {
			isa = PBXGroup;
			children = (
				111958451CDCDA7E00E83F52 /* Color.swift */,
			);
			name = tools;
			sourceTree = "<group>";
		};
		112969651CD10003004C1835 = {
			isa = PBXGroup;
			children = (
				11D69B741CD8F4F700849B24 /* frameworks */,
				112969701CD10003004C1835 /* RunE */,
				112969851CD10004004C1835 /* RunEUITests */,
				1129696F1CD10003004C1835 /* Products */,
				DC374AF97A20AC3429DEED8A /* Pods */,
				A72898BAA0C7FE62DBC157CA /* Frameworks */,
			);
			sourceTree = "<group>";
		};
		1129696F1CD10003004C1835 /* Products */ = {
			isa = PBXGroup;
			children = (
				1129696E1CD10003004C1835 /* RunE.app */,
				112969821CD10004004C1835 /* RunEUITests.xctest */,
			);
			name = Products;
			sourceTree = "<group>";
		};
		112969701CD10003004C1835 /* RunE */ = {
			isa = PBXGroup;
			children = (
				11A6BA4C1CDB840E007CDBFA /* resource */,
				112DCF781CD788EC00B4B28A /* others */,
				1129699A1CD1009D004C1835 /* view */,
				112969951CD10059004C1835 /* service */,
				112969711CD10003004C1835 /* AppDelegate.swift */,
				112969731CD10003004C1835 /* ViewController.swift */,
				112969751CD10003004C1835 /* Main.storyboard */,
				112969781CD10003004C1835 /* Assets.xcassets */,
				1129697A1CD10003004C1835 /* LaunchScreen.storyboard */,
				1129697D1CD10003004C1835 /* Info.plist */,
			);
			path = RunE;
			sourceTree = "<group>";
		};
		112969851CD10004004C1835 /* RunEUITests */ = {
			isa = PBXGroup;
			children = (
				112969861CD10004004C1835 /* RunEUITests.swift */,
				112969881CD10004004C1835 /* Info.plist */,
			);
			path = RunEUITests;
			sourceTree = "<group>";
		};
		112969951CD10059004C1835 /* service */ = {
			isa = PBXGroup;
			children = (
				112969911CD10045004C1835 /* LocationService.swift */,
				112969931CD10052004C1835 /* LoginService.swift */,
				112969961CD10080004C1835 /* WearableService.swift */,
				112969981CD1008E004C1835 /* MotionService.swift */,
				112969A51CD1010C004C1835 /* ServerService.swift */,
				11D69B6A1CD8E90700849B24 /* Keys.plist */,
				11D69B6E1CD8E9CD00849B24 /* Keys.swift */,
				11D69B701CD8ED4200849B24 /* FirebaseService.swift */,
			);
			name = service;
			sourceTree = "<group>";
		};
		1129699A1CD1009D004C1835 /* view */ = {
			isa = PBXGroup;
			children = (
				111958441CDCDA6D00E83F52 /* tools */,
				1129699B1CD100AD004C1835 /* LoginView.swift */,
				1129699D1CD100B7004C1835 /* MapView.swift */,
				1129699F1CD100C0004C1835 /* MainView.swift */,
				112969A11CD100D2004C1835 /* FriendsView.swift */,
				112969A31CD100F3004C1835 /* GraphicView.swift */,
			);
			name = view;
			sourceTree = "<group>";
		};
		112DCF781CD788EC00B4B28A /* others */ = {
			isa = PBXGroup;
			children = (
				112DCF791CD788F800B4B28A /* JLTGradientPathRenderer.swift */,
			);
			name = others;
			sourceTree = "<group>";
		};
		11A6BA4C1CDB840E007CDBFA /* resource */ = {
			isa = PBXGroup;
			children = (
				113E71771CEB5A9E00ED5C4D /* running.png */,
				113E71781CEB5A9E00ED5C4D /* stationary.png */,
				113E71791CEB5A9E00ED5C4D /* walking.png */,
				113E71731CEB4CBD00ED5C4D /* bg750x1334(@2x).png */,
				113E71741CEB4CBD00ED5C4D /* bg1242x2208(@3x).png */,
				111958471CDD3C4C00E83F52 /* stop.png */,
				11A6BA4D1CDB841F007CDBFA /* facebook_login.png */,
			);
			name = resource;
			sourceTree = "<group>";
		};
		11D69B741CD8F4F700849B24 /* frameworks */ = {
			isa = PBXGroup;
			children = (
				11D69B751CD8F7F200849B24 /* FBSDKLoginKit.framework */,
				11D69B721CD8F4F300849B24 /* FBSDKCoreKit.framework */,
			);
			name = frameworks;
			sourceTree = "<group>";
		};
		A72898BAA0C7FE62DBC157CA /* Frameworks */ = {
			isa = PBXGroup;
			children = (
				A6D30A4AAEAF69788F08980F /* libPods-RunEUITests.a */,
				B59E1A1A3E69FB6499F05782 /* Pods_RunE.framework */,
			);
			name = Frameworks;
			sourceTree = "<group>";
		};
		DC374AF97A20AC3429DEED8A /* Pods */ = {
			isa = PBXGroup;
			children = (
				7D3576F5F4569A892B5862C7 /* Pods-RunE.debug.xcconfig */,
				B762C1647B708457772396CD /* Pods-RunE.release.xcconfig */,
				E8F4375FB8F94F5F5D4BBBD2 /* Pods-RunEUITests.debug.xcconfig */,
				DF83BAE2B1777B01B80ABCC1 /* Pods-RunEUITests.release.xcconfig */,
			);
			name = Pods;
			sourceTree = "<group>";
		};
/* End PBXGroup section */

/* Begin PBXNativeTarget section */
		1129696D1CD10003004C1835 /* RunE */ = {
			isa = PBXNativeTarget;
			buildConfigurationList = 1129698B1CD10004004C1835 /* Build configuration list for PBXNativeTarget "RunE" */;
			buildPhases = (
				D3DF8078A97D47E910DB03FA /* Check Pods Manifest.lock */,
				1129696A1CD10003004C1835 /* Sources */,
				1129696B1CD10003004C1835 /* Frameworks */,
				1129696C1CD10003004C1835 /* Resources */,
				07A79AED8AF73F784C6C105D /* Embed Pods Frameworks */,
				DE9F28A07DE3700AD4A3347C /* Copy Pods Resources */,
			);
			buildRules = (
			);
			dependencies = (
			);
			name = RunE;
			productName = RunE;
			productReference = 1129696E1CD10003004C1835 /* RunE.app */;
			productType = "com.apple.product-type.application";
		};
		112969811CD10004004C1835 /* RunEUITests */ = {
			isa = PBXNativeTarget;
			buildConfigurationList = 1129698E1CD10004004C1835 /* Build configuration list for PBXNativeTarget "RunEUITests" */;
			buildPhases = (
				119B2F48CDEA30F045C37505 /* Check Pods Manifest.lock */,
				1129697E1CD10004004C1835 /* Sources */,
				1129697F1CD10004004C1835 /* Frameworks */,
				112969801CD10004004C1835 /* Resources */,
				B66373B60FC252E33EF02186 /* Copy Pods Resources */,
			);
			buildRules = (
			);
			dependencies = (
				112969841CD10004004C1835 /* PBXTargetDependency */,
			);
			name = RunEUITests;
			productName = RunEUITests;
			productReference = 112969821CD10004004C1835 /* RunEUITests.xctest */;
			productType = "com.apple.product-type.bundle.ui-testing";
		};
/* End PBXNativeTarget section */

/* Begin PBXProject section */
		112969661CD10003004C1835 /* Project object */ = {
			isa = PBXProject;
			attributes = {
				LastSwiftUpdateCheck = 0730;
				LastUpgradeCheck = 0730;
				ORGANIZATIONNAME = "Enkhjargal Gansukh";
				TargetAttributes = {
					1129696D1CD10003004C1835 = {
						CreatedOnToolsVersion = 7.3;
						DevelopmentTeam = YBFAQB2XKJ;
						SystemCapabilities = {
							com.apple.BackgroundModes = {
								enabled = 1;
							};
						};
					};
					112969811CD10004004C1835 = {
						CreatedOnToolsVersion = 7.3;
						TestTargetID = 1129696D1CD10003004C1835;
					};
				};
			};
			buildConfigurationList = 112969691CD10003004C1835 /* Build configuration list for PBXProject "RunE" */;
			compatibilityVersion = "Xcode 3.2";
			developmentRegion = English;
			hasScannedForEncodings = 0;
			knownRegions = (
				en,
				Base,
			);
			mainGroup = 112969651CD10003004C1835;
			productRefGroup = 1129696F1CD10003004C1835 /* Products */;
			projectDirPath = "";
			projectRoot = "";
			targets = (
				1129696D1CD10003004C1835 /* RunE */,
				112969811CD10004004C1835 /* RunEUITests */,
			);
		};
/* End PBXProject section */

/* Begin PBXResourcesBuildPhase section */
		1129696C1CD10003004C1835 /* Resources */ = {
			isa = PBXResourcesBuildPhase;
			buildActionMask = 2147483647;
			files = (
				113E717C1CEB5A9E00ED5C4D /* walking.png in Resources */,
				11A6BA4E1CDB841F007CDBFA /* facebook_login.png in Resources */,
				113E717B1CEB5A9E00ED5C4D /* stationary.png in Resources */,
				113E71761CEB4CBD00ED5C4D /* bg1242x2208(@3x).png in Resources */,
				11D69B6B1CD8E90700849B24 /* Keys.plist in Resources */,
				1129697C1CD10003004C1835 /* LaunchScreen.storyboard in Resources */,
				112969791CD10003004C1835 /* Assets.xcassets in Resources */,
				112969771CD10003004C1835 /* Main.storyboard in Resources */,
				113E717A1CEB5A9E00ED5C4D /* running.png in Resources */,
				113E71751CEB4CBD00ED5C4D /* bg750x1334(@2x).png in Resources */,
				111958481CDD3C4D00E83F52 /* stop.png in Resources */,
			);
			runOnlyForDeploymentPostprocessing = 0;
		};
		112969801CD10004004C1835 /* Resources */ = {
			isa = PBXResourcesBuildPhase;
			buildActionMask = 2147483647;
			files = (
			);
			runOnlyForDeploymentPostprocessing = 0;
		};
/* End PBXResourcesBuildPhase section */

/* Begin PBXShellScriptBuildPhase section */
		07A79AED8AF73F784C6C105D /* Embed Pods Frameworks */ = {
			isa = PBXShellScriptBuildPhase;
			buildActionMask = 2147483647;
			files = (
			);
			inputPaths = (
			);
			name = "Embed Pods Frameworks";
			outputPaths = (
			);
			runOnlyForDeploymentPostprocessing = 0;
			shellPath = /bin/sh;
			shellScript = "\"${SRCROOT}/Pods/Target Support Files/Pods-RunE/Pods-RunE-frameworks.sh\"\n";
			showEnvVarsInLog = 0;
		};
		119B2F48CDEA30F045C37505 /* Check Pods Manifest.lock */ = {
			isa = PBXShellScriptBuildPhase;
			buildActionMask = 2147483647;
			files = (
			);
			inputPaths = (
			);
			name = "Check Pods Manifest.lock";
			outputPaths = (
			);
			runOnlyForDeploymentPostprocessing = 0;
			shellPath = /bin/sh;
			shellScript = "diff \"${PODS_ROOT}/../Podfile.lock\" \"${PODS_ROOT}/Manifest.lock\" > /dev/null\nif [[ $? != 0 ]] ; then\n    cat << EOM\nerror: The sandbox is not in sync with the Podfile.lock. Run 'pod install' or update your CocoaPods installation.\nEOM\n    exit 1\nfi\n";
			showEnvVarsInLog = 0;
		};
		B66373B60FC252E33EF02186 /* Copy Pods Resources */ = {
			isa = PBXShellScriptBuildPhase;
			buildActionMask = 2147483647;
			files = (
			);
			inputPaths = (
			);
			name = "Copy Pods Resources";
			outputPaths = (
			);
			runOnlyForDeploymentPostprocessing = 0;
			shellPath = /bin/sh;
			shellScript = "\"${SRCROOT}/Pods/Target Support Files/Pods-RunEUITests/Pods-RunEUITests-resources.sh\"\n";
			showEnvVarsInLog = 0;
		};
		D3DF8078A97D47E910DB03FA /* Check Pods Manifest.lock */ = {
			isa = PBXShellScriptBuildPhase;
			buildActionMask = 2147483647;
			files = (
			);
			inputPaths = (
			);
			name = "Check Pods Manifest.lock";
			outputPaths = (
			);
			runOnlyForDeploymentPostprocessing = 0;
			shellPath = /bin/sh;
			shellScript = "diff \"${PODS_ROOT}/../Podfile.lock\" \"${PODS_ROOT}/Manifest.lock\" > /dev/null\nif [[ $? != 0 ]] ; then\n    cat << EOM\nerror: The sandbox is not in sync with the Podfile.lock. Run 'pod install' or update your CocoaPods installation.\nEOM\n    exit 1\nfi\n";
			showEnvVarsInLog = 0;
		};
		DE9F28A07DE3700AD4A3347C /* Copy Pods Resources */ = {
			isa = PBXShellScriptBuildPhase;
			buildActionMask = 2147483647;
			files = (
			);
			inputPaths = (
			);
			name = "Copy Pods Resources";
			outputPaths = (
			);
			runOnlyForDeploymentPostprocessing = 0;
			shellPath = /bin/sh;
			shellScript = "\"${SRCROOT}/Pods/Target Support Files/Pods-RunE/Pods-RunE-resources.sh\"\n";
			showEnvVarsInLog = 0;
		};
/* End PBXShellScriptBuildPhase section */

/* Begin PBXSourcesBuildPhase section */
		1129696A1CD10003004C1835 /* Sources */ = {
			isa = PBXSourcesBuildPhase;
			buildActionMask = 2147483647;
			files = (
				112969A21CD100D2004C1835 /* FriendsView.swift in Sources */,
				112969741CD10003004C1835 /* ViewController.swift in Sources */,
				11D69B711CD8ED4200849B24 /* FirebaseService.swift in Sources */,
				112969A61CD1010C004C1835 /* ServerService.swift in Sources */,
				112969A01CD100C0004C1835 /* MainView.swift in Sources */,
				111958461CDCDA7E00E83F52 /* Color.swift in Sources */,
				11D69B6F1CD8E9CD00849B24 /* Keys.swift in Sources */,
				1129699E1CD100B7004C1835 /* MapView.swift in Sources */,
				1129699C1CD100AD004C1835 /* LoginView.swift in Sources */,
				112969921CD10045004C1835 /* LocationService.swift in Sources */,
				112969721CD10003004C1835 /* AppDelegate.swift in Sources */,
				112969971CD10080004C1835 /* WearableService.swift in Sources */,
				112969941CD10052004C1835 /* LoginService.swift in Sources */,
				112DCF7A1CD788F800B4B28A /* JLTGradientPathRenderer.swift in Sources */,
				112969A41CD100F3004C1835 /* GraphicView.swift in Sources */,
				112969991CD1008E004C1835 /* MotionService.swift in Sources */,
			);
			runOnlyForDeploymentPostprocessing = 0;
		};
		1129697E1CD10004004C1835 /* Sources */ = {
			isa = PBXSourcesBuildPhase;
			buildActionMask = 2147483647;
			files = (
				112969871CD10004004C1835 /* RunEUITests.swift in Sources */,
			);
			runOnlyForDeploymentPostprocessing = 0;
		};
/* End PBXSourcesBuildPhase section */

/* Begin PBXTargetDependency section */
		112969841CD10004004C1835 /* PBXTargetDependency */ = {
			isa = PBXTargetDependency;
			target = 1129696D1CD10003004C1835 /* RunE */;
			targetProxy = 112969831CD10004004C1835 /* PBXContainerItemProxy */;
		};
/* End PBXTargetDependency section */

/* Begin PBXVariantGroup section */
		112969751CD10003004C1835 /* Main.storyboard */ = {
			isa = PBXVariantGroup;
			children = (
				112969761CD10003004C1835 /* Base */,
			);
			name = Main.storyboard;
			sourceTree = "<group>";
		};
		1129697A1CD10003004C1835 /* LaunchScreen.storyboard */ = {
			isa = PBXVariantGroup;
			children = (
				1129697B1CD10003004C1835 /* Base */,
			);
			name = LaunchScreen.storyboard;
			sourceTree = "<group>";
		};
/* End PBXVariantGroup section */

/* Begin XCBuildConfiguration section */
		112969891CD10004004C1835 /* Debug */ = {
			isa = XCBuildConfiguration;
			buildSettings = {
				ALWAYS_SEARCH_USER_PATHS = NO;
				CLANG_ANALYZER_NONNULL = YES;
				CLANG_CXX_LANGUAGE_STANDARD = "gnu++0x";
				CLANG_CXX_LIBRARY = "libc++";
				CLANG_ENABLE_MODULES = YES;
				CLANG_ENABLE_OBJC_ARC = YES;
				CLANG_WARN_BOOL_CONVERSION = YES;
				CLANG_WARN_CONSTANT_CONVERSION = YES;
				CLANG_WARN_DIRECT_OBJC_ISA_USAGE = YES_ERROR;
				CLANG_WARN_EMPTY_BODY = YES;
				CLANG_WARN_ENUM_CONVERSION = YES;
				CLANG_WARN_INT_CONVERSION = YES;
				CLANG_WARN_OBJC_ROOT_CLASS = YES_ERROR;
				CLANG_WARN_UNREACHABLE_CODE = YES;
				CLANG_WARN__DUPLICATE_METHOD_MATCH = YES;
				"CODE_SIGN_IDENTITY[sdk=iphoneos*]" = "iPhone Developer";
				COPY_PHASE_STRIP = NO;
				DEBUG_INFORMATION_FORMAT = dwarf;
				EMBEDDED_CONTENT_CONTAINS_SWIFT = YES;
				ENABLE_BITCODE = YES;
				ENABLE_STRICT_OBJC_MSGSEND = YES;
				ENABLE_TESTABILITY = YES;
				GCC_C_LANGUAGE_STANDARD = gnu99;
				GCC_DYNAMIC_NO_PIC = NO;
				GCC_NO_COMMON_BLOCKS = YES;
				GCC_OPTIMIZATION_LEVEL = 0;
				GCC_PREPROCESSOR_DEFINITIONS = (
					"DEBUG=1",
					"$(inherited)",
				);
				GCC_WARN_64_TO_32_BIT_CONVERSION = YES;
				GCC_WARN_ABOUT_RETURN_TYPE = YES_ERROR;
				GCC_WARN_UNDECLARED_SELECTOR = YES;
				GCC_WARN_UNINITIALIZED_AUTOS = YES_AGGRESSIVE;
				GCC_WARN_UNUSED_FUNCTION = YES;
				GCC_WARN_UNUSED_VARIABLE = YES;
				IPHONEOS_DEPLOYMENT_TARGET = 9.3;
				MTL_ENABLE_DEBUG_INFO = YES;
				ONLY_ACTIVE_ARCH = YES;
				SDKROOT = iphoneos;
				SWIFT_OPTIMIZATION_LEVEL = "-Onone";
			};
			name = Debug;
		};
		1129698A1CD10004004C1835 /* Release */ = {
			isa = XCBuildConfiguration;
			buildSettings = {
				ALWAYS_SEARCH_USER_PATHS = NO;
				CLANG_ANALYZER_NONNULL = YES;
				CLANG_CXX_LANGUAGE_STANDARD = "gnu++0x";
				CLANG_CXX_LIBRARY = "libc++";
				CLANG_ENABLE_MODULES = YES;
				CLANG_ENABLE_OBJC_ARC = YES;
				CLANG_WARN_BOOL_CONVERSION = YES;
				CLANG_WARN_CONSTANT_CONVERSION = YES;
				CLANG_WARN_DIRECT_OBJC_ISA_USAGE = YES_ERROR;
				CLANG_WARN_EMPTY_BODY = YES;
				CLANG_WARN_ENUM_CONVERSION = YES;
				CLANG_WARN_INT_CONVERSION = YES;
				CLANG_WARN_OBJC_ROOT_CLASS = YES_ERROR;
				CLANG_WARN_UNREACHABLE_CODE = YES;
				CLANG_WARN__DUPLICATE_METHOD_MATCH = YES;
				"CODE_SIGN_IDENTITY[sdk=iphoneos*]" = "iPhone Developer";
				COPY_PHASE_STRIP = NO;
				DEBUG_INFORMATION_FORMAT = "dwarf-with-dsym";
				EMBEDDED_CONTENT_CONTAINS_SWIFT = YES;
				ENABLE_BITCODE = YES;
				ENABLE_NS_ASSERTIONS = NO;
				ENABLE_STRICT_OBJC_MSGSEND = YES;
				GCC_C_LANGUAGE_STANDARD = gnu99;
				GCC_NO_COMMON_BLOCKS = YES;
				GCC_WARN_64_TO_32_BIT_CONVERSION = YES;
				GCC_WARN_ABOUT_RETURN_TYPE = YES_ERROR;
				GCC_WARN_UNDECLARED_SELECTOR = YES;
				GCC_WARN_UNINITIALIZED_AUTOS = YES_AGGRESSIVE;
				GCC_WARN_UNUSED_FUNCTION = YES;
				GCC_WARN_UNUSED_VARIABLE = YES;
				IPHONEOS_DEPLOYMENT_TARGET = 9.3;
				MTL_ENABLE_DEBUG_INFO = NO;
				SDKROOT = iphoneos;
				VALIDATE_PRODUCT = YES;
			};
			name = Release;
		};
		1129698C1CD10004004C1835 /* Debug */ = {
			isa = XCBuildConfiguration;
			baseConfigurationReference = 7D3576F5F4569A892B5862C7 /* Pods-RunE.debug.xcconfig */;
			buildSettings = {
				ASSETCATALOG_COMPILER_APPICON_NAME = AppIcon;
				CODE_SIGN_IDENTITY = "iPhone Developer";
				"CODE_SIGN_IDENTITY[sdk=iphoneos*]" = "iPhone Developer";
				ENABLE_BITCODE = YES;
				FRAMEWORK_SEARCH_PATHS = (
					"$(inherited)",
					"$(PROJECT_DIR)",
				);
				INFOPLIST_FILE = RunE/Info.plist;
				IPHONEOS_DEPLOYMENT_TARGET = 8.0;
				LD_RUNPATH_SEARCH_PATHS = "$(inherited) @executable_path/Frameworks";
				PRODUCT_BUNDLE_IDENTIFIER = com.smartmongol.RunE;
				PRODUCT_NAME = "$(TARGET_NAME)";
				PROVISIONING_PROFILE = "";
			};
			name = Debug;
		};
		1129698D1CD10004004C1835 /* Release */ = {
			isa = XCBuildConfiguration;
			baseConfigurationReference = B762C1647B708457772396CD /* Pods-RunE.release.xcconfig */;
			buildSettings = {
				ASSETCATALOG_COMPILER_APPICON_NAME = AppIcon;
				CODE_SIGN_IDENTITY = "iPhone Developer";
				"CODE_SIGN_IDENTITY[sdk=iphoneos*]" = "iPhone Developer";
				ENABLE_BITCODE = YES;
				FRAMEWORK_SEARCH_PATHS = (
					"$(inherited)",
					"$(PROJECT_DIR)",
				);
				INFOPLIST_FILE = RunE/Info.plist;
				IPHONEOS_DEPLOYMENT_TARGET = 8.0;
				LD_RUNPATH_SEARCH_PATHS = "$(inherited) @executable_path/Frameworks";
				PRODUCT_BUNDLE_IDENTIFIER = com.smartmongol.RunE;
				PRODUCT_NAME = "$(TARGET_NAME)";
				PROVISIONING_PROFILE = "";
			};
			name = Release;
		};
		1129698F1CD10004004C1835 /* Debug */ = {
			isa = XCBuildConfiguration;
			baseConfigurationReference = E8F4375FB8F94F5F5D4BBBD2 /* Pods-RunEUITests.debug.xcconfig */;
			buildSettings = {
				INFOPLIST_FILE = RunEUITests/Info.plist;
				LD_RUNPATH_SEARCH_PATHS = "$(inherited) @executable_path/Frameworks @loader_path/Frameworks";
				PRODUCT_BUNDLE_IDENTIFIER = smartmongol.RunEUITests;
				PRODUCT_NAME = "$(TARGET_NAME)";
				TEST_TARGET_NAME = RunE;
			};
			name = Debug;
		};
		112969901CD10004004C1835 /* Release */ = {
			isa = XCBuildConfiguration;
			baseConfigurationReference = DF83BAE2B1777B01B80ABCC1 /* Pods-RunEUITests.release.xcconfig */;
			buildSettings = {
				INFOPLIST_FILE = RunEUITests/Info.plist;
				LD_RUNPATH_SEARCH_PATHS = "$(inherited) @executable_path/Frameworks @loader_path/Frameworks";
				PRODUCT_BUNDLE_IDENTIFIER = smartmongol.RunEUITests;
				PRODUCT_NAME = "$(TARGET_NAME)";
				TEST_TARGET_NAME = RunE;
			};
			name = Release;
		};
/* End XCBuildConfiguration section */

/* Begin XCConfigurationList section */
		112969691CD10003004C1835 /* Build configuration list for PBXProject "RunE" */ = {
			isa = XCConfigurationList;
			buildConfigurations = (
				112969891CD10004004C1835 /* Debug */,
				1129698A1CD10004004C1835 /* Release */,
			);
			defaultConfigurationIsVisible = 0;
			defaultConfigurationName = Release;
		};
		1129698B1CD10004004C1835 /* Build configuration list for PBXNativeTarget "RunE" */ = {
			isa = XCConfigurationList;
			buildConfigurations = (
				1129698C1CD10004004C1835 /* Debug */,
				1129698D1CD10004004C1835 /* Release */,
			);
			defaultConfigurationIsVisible = 0;
			defaultConfigurationName = Release;
		};
		1129698E1CD10004004C1835 /* Build configuration list for PBXNativeTarget "RunEUITests" */ = {
			isa = XCConfigurationList;
			buildConfigurations = (
				1129698F1CD10004004C1835 /* Debug */,
				112969901CD10004004C1835 /* Release */,
			);
			defaultConfigurationIsVisible = 0;
			defaultConfigurationName = Release;
		};
/* End XCConfigurationList section */
	};
	rootObject = 112969661CD10003004C1835 /* Project object */;
}
